
Microsoft Visual Studio Solution File, Format Version 12.00
# Visual Studio Version 17
VisualStudioVersion = 17.4.33213.308
MinimumVisualStudioVersion = 10.0.40219.1
Project("{FAE04EC0-301F-11D3-BF4B-00C04F79EFBC}") = "ComputerBuildSystem", "KompiuteriuSurinkimoSistema\ComputerBuildSystem.csproj", "{FE7162F5-8D3D-46E6-A098-18F46666F296}"
EndProject
Global
	GlobalSection(SolutionConfigurationPlatforms) = preSolution
		Debug|Any CPU = Debug|Any CPU
		Release|Any CPU = Release|Any CPU
	EndGlobalSection
	GlobalSection(ProjectConfigurationPlatforms) = postSolution
		{FE7162F5-8D3D-46E6-A098-18F46666F296}.Debug|Any CPU.ActiveCfg = Debug|Any CPU
		{FE7162F5-8D3D-46E6-A098-18F46666F296}.Debug|Any CPU.Build.0 = Debug|Any CPU
		{FE7162F5-8D3D-46E6-A098-18F46666F296}.Release|Any CPU.ActiveCfg = Release|Any CPU
		{FE7162F5-8D3D-46E6-A098-18F46666F296}.Release|Any CPU.Build.0 = Release|Any CPU
	EndGlobalSection
	GlobalSection(SolutionProperties) = preSolution
		HideSolutionNode = FALSE
	EndGlobalSection
	GlobalSection(ExtensibilityGlobals) = postSolution
		SolutionGuid = {7A9AED4C-0869-425D-AE54-A48D279958C8}
	EndGlobalSection
EndGlobal
